
Microsoft Visual Studio Solution File, Format Version 12.00
# Visual Studio Version 16
VisualStudioVersion = 16.0.29519.181
MinimumVisualStudioVersion = 10.0.40219.1
Project("{9A19103F-16F7-4668-BE54-9A1E7A4F7556}") = "ATDD.TestScriptor.BackendServices", "ATDD.TestScriptor.BackendServices\ATDD.TestScriptor.BackendServices.csproj", "{79FF08BB-A4CF-4CE6-8B5E-64F9EE6ED8AD}"
EndProject
Project("{9A19103F-16F7-4668-BE54-9A1E7A4F7556}") = "ATDD.TestScriptor.Library", "ATDD.TestScriptor.Library\ATDD.TestScriptor.Library.csproj", "{1299FEC8-21EA-4161-83F1-DFBF2387F327}"
EndProject
Project("{9A19103F-16F7-4668-BE54-9A1E7A4F7556}") = "ALObjectParser.Library", "ALObjectParser\ALObjectParser.Library\ALObjectParser.Library.csproj", "{9EDAF010-4E31-4B86-A664-3DE1F62B8FA8}"
EndProject
Project("{9A19103F-16F7-4668-BE54-9A1E7A4F7556}") = "ALObjectParser.Tests", "ALObjectParser\ALObjectParser.Tests\ALObjectParser.Tests.csproj", "{70E8A961-F577-4C94-9322-255D94994149}"
EndProject
Global
	GlobalSection(SolutionConfigurationPlatforms) = preSolution
		Debug|Any CPU = Debug|Any CPU
		Release|Any CPU = Release|Any CPU
	EndGlobalSection
	GlobalSection(ProjectConfigurationPlatforms) = postSolution
		{79FF08BB-A4CF-4CE6-8B5E-64F9EE6ED8AD}.Debug|Any CPU.ActiveCfg = Debug|Any CPU
		{79FF08BB-A4CF-4CE6-8B5E-64F9EE6ED8AD}.Debug|Any CPU.Build.0 = Debug|Any CPU
		{79FF08BB-A4CF-4CE6-8B5E-64F9EE6ED8AD}.Release|Any CPU.ActiveCfg = Release|Any CPU
		{79FF08BB-A4CF-4CE6-8B5E-64F9EE6ED8AD}.Release|Any CPU.Build.0 = Release|Any CPU
		{1299FEC8-21EA-4161-83F1-DFBF2387F327}.Debug|Any CPU.ActiveCfg = Debug|Any CPU
		{1299FEC8-21EA-4161-83F1-DFBF2387F327}.Debug|Any CPU.Build.0 = Debug|Any CPU
		{1299FEC8-21EA-4161-83F1-DFBF2387F327}.Release|Any CPU.ActiveCfg = Release|Any CPU
		{1299FEC8-21EA-4161-83F1-DFBF2387F327}.Release|Any CPU.Build.0 = Release|Any CPU
		{9EDAF010-4E31-4B86-A664-3DE1F62B8FA8}.Debug|Any CPU.ActiveCfg = Debug|Any CPU
		{9EDAF010-4E31-4B86-A664-3DE1F62B8FA8}.Debug|Any CPU.Build.0 = Debug|Any CPU
		{9EDAF010-4E31-4B86-A664-3DE1F62B8FA8}.Release|Any CPU.ActiveCfg = Release|Any CPU
		{9EDAF010-4E31-4B86-A664-3DE1F62B8FA8}.Release|Any CPU.Build.0 = Release|Any CPU
		{70E8A961-F577-4C94-9322-255D94994149}.Debug|Any CPU.ActiveCfg = Debug|Any CPU
		{70E8A961-F577-4C94-9322-255D94994149}.Debug|Any CPU.Build.0 = Debug|Any CPU
		{70E8A961-F577-4C94-9322-255D94994149}.Release|Any CPU.ActiveCfg = Release|Any CPU
		{70E8A961-F577-4C94-9322-255D94994149}.Release|Any CPU.Build.0 = Release|Any CPU
	EndGlobalSection
	GlobalSection(SolutionProperties) = preSolution
		HideSolutionNode = FALSE
	EndGlobalSection
	GlobalSection(ExtensibilityGlobals) = postSolution
		SolutionGuid = {AD3B86DB-2A2C-44E5-A1F9-5FD7D5278413}
	EndGlobalSection
EndGlobal
