
Microsoft Visual Studio Solution File, Format Version 12.00
# Visual Studio Version 16
VisualStudioVersion = 16.0.29519.181
MinimumVisualStudioVersion = 10.0.40219.1
Project("{9A19103F-16F7-4668-BE54-9A1E7A4F7556}") = "ATDD.TestScriptor.BackendServices", "ATDD.TestScriptor.BackendServices\ATDD.TestScriptor.BackendServices.csproj", "{79FF08BB-A4CF-4CE6-8B5E-64F9EE6ED8AD}"
EndProject
Project("{9A19103F-16F7-4668-BE54-9A1E7A4F7556}") = "ALObjectParser.Library", "..\..\..\..\ALObjectParser\ALObjectParser.Library\ALObjectParser.Library.csproj", "{F551F79C-6B30-49EA-8712-7EAF60E17B4D}"
EndProject
Project("{9A19103F-16F7-4668-BE54-9A1E7A4F7556}") = "ALObjectDesigner.Library", "..\..\..\..\ALObjectDesigner\ALObjectDesigner.Library\ALObjectDesigner.Library.csproj", "{CA5225EF-5BDC-42AB-91E4-7674EB34F259}"
EndProject
Global
	GlobalSection(SolutionConfigurationPlatforms) = preSolution
		Debug|Any CPU = Debug|Any CPU
		Release|Any CPU = Release|Any CPU
	EndGlobalSection
	GlobalSection(ProjectConfigurationPlatforms) = postSolution
		{79FF08BB-A4CF-4CE6-8B5E-64F9EE6ED8AD}.Debug|Any CPU.ActiveCfg = Debug|Any CPU
		{79FF08BB-A4CF-4CE6-8B5E-64F9EE6ED8AD}.Debug|Any CPU.Build.0 = Debug|Any CPU
		{79FF08BB-A4CF-4CE6-8B5E-64F9EE6ED8AD}.Release|Any CPU.ActiveCfg = Release|Any CPU
		{79FF08BB-A4CF-4CE6-8B5E-64F9EE6ED8AD}.Release|Any CPU.Build.0 = Release|Any CPU
		{F551F79C-6B30-49EA-8712-7EAF60E17B4D}.Debug|Any CPU.ActiveCfg = Debug|Any CPU
		{F551F79C-6B30-49EA-8712-7EAF60E17B4D}.Debug|Any CPU.Build.0 = Debug|Any CPU
		{F551F79C-6B30-49EA-8712-7EAF60E17B4D}.Release|Any CPU.ActiveCfg = Release|Any CPU
		{F551F79C-6B30-49EA-8712-7EAF60E17B4D}.Release|Any CPU.Build.0 = Release|Any CPU
		{CA5225EF-5BDC-42AB-91E4-7674EB34F259}.Debug|Any CPU.ActiveCfg = Debug|Any CPU
		{CA5225EF-5BDC-42AB-91E4-7674EB34F259}.Debug|Any CPU.Build.0 = Debug|Any CPU
		{CA5225EF-5BDC-42AB-91E4-7674EB34F259}.Release|Any CPU.ActiveCfg = Release|Any CPU
		{CA5225EF-5BDC-42AB-91E4-7674EB34F259}.Release|Any CPU.Build.0 = Release|Any CPU
	EndGlobalSection
	GlobalSection(SolutionProperties) = preSolution
		HideSolutionNode = FALSE
	EndGlobalSection
	GlobalSection(ExtensibilityGlobals) = postSolution
		SolutionGuid = {AD3B86DB-2A2C-44E5-A1F9-5FD7D5278413}
	EndGlobalSection
EndGlobal
